// !$*UTF8*$!
{
	archiveVersion = 1;
	classes = {
	};
	objectVersion = 46;
	objects = {

/* Begin PBXBuildFile section */
		0FEC88B51C5E4E9800348F4F /* AppDelegate.swift in Sources */ = {isa = PBXBuildFile; fileRef = 0FEC88B41C5E4E9800348F4F /* AppDelegate.swift */; };
		0FEC88B71C5E4E9800348F4F /* ViewController.swift in Sources */ = {isa = PBXBuildFile; fileRef = 0FEC88B61C5E4E9800348F4F /* ViewController.swift */; };
		0FEC88BA1C5E4E9800348F4F /* Main.storyboard in Resources */ = {isa = PBXBuildFile; fileRef = 0FEC88B81C5E4E9800348F4F /* Main.storyboard */; };
		0FEC88BC1C5E4E9800348F4F /* Assets.xcassets in Resources */ = {isa = PBXBuildFile; fileRef = 0FEC88BB1C5E4E9800348F4F /* Assets.xcassets */; };
		0FEC88BF1C5E4E9800348F4F /* LaunchScreen.storyboard in Resources */ = {isa = PBXBuildFile; fileRef = 0FEC88BD1C5E4E9800348F4F /* LaunchScreen.storyboard */; };
		0FEC88CA1C5E4E9800348F4F /* PlotGraphTests.swift in Sources */ = {isa = PBXBuildFile; fileRef = 0FEC88C91C5E4E9800348F4F /* PlotGraphTests.swift */; };
		0FEC88D51C5E4E9800348F4F /* PlotGraphUITests.swift in Sources */ = {isa = PBXBuildFile; fileRef = 0FEC88D41C5E4E9800348F4F /* PlotGraphUITests.swift */; };
		654E23518382A25E56F18346 /* Pods_PlotGraph.framework in Frameworks */ = {isa = PBXBuildFile; fileRef = 0A937B6ED0CB391C204B5AF3 /* Pods_PlotGraph.framework */; };
/* End PBXBuildFile section */

/* Begin PBXContainerItemProxy section */
		0FEC88C61C5E4E9800348F4F /* PBXContainerItemProxy */ = {
			isa = PBXContainerItemProxy;
			containerPortal = 0FEC88A91C5E4E9800348F4F /* Project object */;
			proxyType = 1;
			remoteGlobalIDString = 0FEC88B01C5E4E9800348F4F;
			remoteInfo = PlotGraph;
		};
		0FEC88D11C5E4E9800348F4F /* PBXContainerItemProxy */ = {
			isa = PBXContainerItemProxy;
			containerPortal = 0FEC88A91C5E4E9800348F4F /* Project object */;
			proxyType = 1;
			remoteGlobalIDString = 0FEC88B01C5E4E9800348F4F;
			remoteInfo = PlotGraph;
		};
/* End PBXContainerItemProxy section */

/* Begin PBXFileReference section */
		0A937B6ED0CB391C204B5AF3 /* Pods_PlotGraph.framework */ = {isa = PBXFileReference; explicitFileType = wrapper.framework; includeInIndex = 0; path = Pods_PlotGraph.framework; sourceTree = BUILT_PRODUCTS_DIR; };
		0FEC88B11C5E4E9800348F4F /* PlotGraph.app */ = {isa = PBXFileReference; explicitFileType = wrapper.application; includeInIndex = 0; path = PlotGraph.app; sourceTree = BUILT_PRODUCTS_DIR; };
		0FEC88B41C5E4E9800348F4F /* AppDelegate.swift */ = {isa = PBXFileReference; lastKnownFileType = sourcecode.swift; path = AppDelegate.swift; sourceTree = "<group>"; };
		0FEC88B61C5E4E9800348F4F /* ViewController.swift */ = {isa = PBXFileReference; lastKnownFileType = sourcecode.swift; path = ViewController.swift; sourceTree = "<group>"; };
		0FEC88B91C5E4E9800348F4F /* Base */ = {isa = PBXFileReference; lastKnownFileType = file.storyboard; name = Base; path = Base.lproj/Main.storyboard; sourceTree = "<group>"; };
		0FEC88BB1C5E4E9800348F4F /* Assets.xcassets */ = {isa = PBXFileReference; lastKnownFileType = folder.assetcatalog; path = Assets.xcassets; sourceTree = "<group>"; };
		0FEC88BE1C5E4E9800348F4F /* Base */ = {isa = PBXFileReference; lastKnownFileType = file.storyboard; name = Base; path = Base.lproj/LaunchScreen.storyboard; sourceTree = "<group>"; };
		0FEC88C01C5E4E9800348F4F /* Info.plist */ = {isa = PBXFileReference; lastKnownFileType = text.plist.xml; path = Info.plist; sourceTree = "<group>"; };
		0FEC88C51C5E4E9800348F4F /* PlotGraphTests.xctest */ = {isa = PBXFileReference; explicitFileType = wrapper.cfbundle; includeInIndex = 0; path = PlotGraphTests.xctest; sourceTree = BUILT_PRODUCTS_DIR; };
		0FEC88C91C5E4E9800348F4F /* PlotGraphTests.swift */ = {isa = PBXFileReference; lastKnownFileType = sourcecode.swift; path = PlotGraphTests.swift; sourceTree = "<group>"; };
		0FEC88CB1C5E4E9800348F4F /* Info.plist */ = {isa = PBXFileReference; lastKnownFileType = text.plist.xml; path = Info.plist; sourceTree = "<group>"; };
		0FEC88D01C5E4E9800348F4F /* PlotGraphUITests.xctest */ = {isa = PBXFileReference; explicitFileType = wrapper.cfbundle; includeInIndex = 0; path = PlotGraphUITests.xctest; sourceTree = BUILT_PRODUCTS_DIR; };
		0FEC88D41C5E4E9800348F4F /* PlotGraphUITests.swift */ = {isa = PBXFileReference; lastKnownFileType = sourcecode.swift; path = PlotGraphUITests.swift; sourceTree = "<group>"; };
		0FEC88D61C5E4E9800348F4F /* Info.plist */ = {isa = PBXFileReference; lastKnownFileType = text.plist.xml; path = Info.plist; sourceTree = "<group>"; };
		8F8BED7C213A59280FEEAEF7 /* Pods-PlotGraph.debug.xcconfig */ = {isa = PBXFileReference; includeInIndex = 1; lastKnownFileType = text.xcconfig; name = "Pods-PlotGraph.debug.xcconfig"; path = "Pods/Target Support Files/Pods-PlotGraph/Pods-PlotGraph.debug.xcconfig"; sourceTree = "<group>"; };
		967AA8F25FD4E2132BB6C3A3 /* Pods-PlotGraph.release.xcconfig */ = {isa = PBXFileReference; includeInIndex = 1; lastKnownFileType = text.xcconfig; name = "Pods-PlotGraph.release.xcconfig"; path = "Pods/Target Support Files/Pods-PlotGraph/Pods-PlotGraph.release.xcconfig"; sourceTree = "<group>"; };
/* End PBXFileReference section */

/* Begin PBXFrameworksBuildPhase section */
		0FEC88AE1C5E4E9800348F4F /* Frameworks */ = {
			isa = PBXFrameworksBuildPhase;
			buildActionMask = 2147483647;
			files = (
				654E23518382A25E56F18346 /* Pods_PlotGraph.framework in Frameworks */,
			);
			runOnlyForDeploymentPostprocessing = 0;
		};
		0FEC88C21C5E4E9800348F4F /* Frameworks */ = {
			isa = PBXFrameworksBuildPhase;
			buildActionMask = 2147483647;
			files = (
			);
			runOnlyForDeploymentPostprocessing = 0;
		};
		0FEC88CD1C5E4E9800348F4F /* Frameworks */ = {
			isa = PBXFrameworksBuildPhase;
			buildActionMask = 2147483647;
			files = (
			);
			runOnlyForDeploymentPostprocessing = 0;
		};
/* End PBXFrameworksBuildPhase section */

/* Begin PBXGroup section */
		0FEC88A81C5E4E9800348F4F = {
			isa = PBXGroup;
			children = (
				0FEC88B31C5E4E9800348F4F /* PlotGraph */,
				0FEC88C81C5E4E9800348F4F /* PlotGraphTests */,
				0FEC88D31C5E4E9800348F4F /* PlotGraphUITests */,
				0FEC88B21C5E4E9800348F4F /* Products */,
				8257E3BDF0C9B779A0C94B92 /* Pods */,
				48993530398F89877B364271 /* Frameworks */,
			);
			sourceTree = "<group>";
		};
		0FEC88B21C5E4E9800348F4F /* Products */ = {
			isa = PBXGroup;
			children = (
				0FEC88B11C5E4E9800348F4F /* PlotGraph.app */,
				0FEC88C51C5E4E9800348F4F /* PlotGraphTests.xctest */,
				0FEC88D01C5E4E9800348F4F /* PlotGraphUITests.xctest */,
			);
			name = Products;
			sourceTree = "<group>";
		};
		0FEC88B31C5E4E9800348F4F /* PlotGraph */ = {
			isa = PBXGroup;
			children = (
				0FEC88B41C5E4E9800348F4F /* AppDelegate.swift */,
				0FEC88B61C5E4E9800348F4F /* ViewController.swift */,
				0FEC88B81C5E4E9800348F4F /* Main.storyboard */,
				0FEC88BB1C5E4E9800348F4F /* Assets.xcassets */,
				0FEC88BD1C5E4E9800348F4F /* LaunchScreen.storyboard */,
				0FEC88C01C5E4E9800348F4F /* Info.plist */,
			);
			path = PlotGraph;
			sourceTree = "<group>";
		};
		0FEC88C81C5E4E9800348F4F /* PlotGraphTests */ = {
			isa = PBXGroup;
			children = (
				0FEC88C91C5E4E9800348F4F /* PlotGraphTests.swift */,
				0FEC88CB1C5E4E9800348F4F /* Info.plist */,
			);
			path = PlotGraphTests;
			sourceTree = "<group>";
		};
		0FEC88D31C5E4E9800348F4F /* PlotGraphUITests */ = {
			isa = PBXGroup;
			children = (
				0FEC88D41C5E4E9800348F4F /* PlotGraphUITests.swift */,
				0FEC88D61C5E4E9800348F4F /* Info.plist */,
			);
			path = PlotGraphUITests;
			sourceTree = "<group>";
		};
		48993530398F89877B364271 /* Frameworks */ = {
			isa = PBXGroup;
			children = (
				0A937B6ED0CB391C204B5AF3 /* Pods_PlotGraph.framework */,
			);
			name = Frameworks;
			sourceTree = "<group>";
		};
		8257E3BDF0C9B779A0C94B92 /* Pods */ = {
			isa = PBXGroup;
			children = (
				8F8BED7C213A59280FEEAEF7 /* Pods-PlotGraph.debug.xcconfig */,
				967AA8F25FD4E2132BB6C3A3 /* Pods-PlotGraph.release.xcconfig */,
			);
			name = Pods;
			sourceTree = "<group>";
		};
/* End PBXGroup section */

/* Begin PBXNativeTarget section */
		0FEC88B01C5E4E9800348F4F /* PlotGraph */ = {
			isa = PBXNativeTarget;
			buildConfigurationList = 0FEC88D91C5E4E9800348F4F /* Build configuration list for PBXNativeTarget "PlotGraph" */;
			buildPhases = (
				AFD8359877B55BCF7FAE46BA /* Check Pods Manifest.lock */,
				0FEC88AD1C5E4E9800348F4F /* Sources */,
				0FEC88AE1C5E4E9800348F4F /* Frameworks */,
				0FEC88AF1C5E4E9800348F4F /* Resources */,
				3344758D2B25CC1F23316503 /* Embed Pods Frameworks */,
				761604B08A7519A651787350 /* Copy Pods Resources */,
			);
			buildRules = (
			);
			dependencies = (
			);
			name = PlotGraph;
			productName = PlotGraph;
			productReference = 0FEC88B11C5E4E9800348F4F /* PlotGraph.app */;
			productType = "com.apple.product-type.application";
		};
		0FEC88C41C5E4E9800348F4F /* PlotGraphTests */ = {
			isa = PBXNativeTarget;
			buildConfigurationList = 0FEC88DC1C5E4E9800348F4F /* Build configuration list for PBXNativeTarget "PlotGraphTests" */;
			buildPhases = (
				0FEC88C11C5E4E9800348F4F /* Sources */,
				0FEC88C21C5E4E9800348F4F /* Frameworks */,
				0FEC88C31C5E4E9800348F4F /* Resources */,
			);
			buildRules = (
			);
			dependencies = (
				0FEC88C71C5E4E9800348F4F /* PBXTargetDependency */,
			);
			name = PlotGraphTests;
			productName = PlotGraphTests;
			productReference = 0FEC88C51C5E4E9800348F4F /* PlotGraphTests.xctest */;
			productType = "com.apple.product-type.bundle.unit-test";
		};
		0FEC88CF1C5E4E9800348F4F /* PlotGraphUITests */ = {
			isa = PBXNativeTarget;
			buildConfigurationList = 0FEC88DF1C5E4E9800348F4F /* Build configuration list for PBXNativeTarget "PlotGraphUITests" */;
			buildPhases = (
				0FEC88CC1C5E4E9800348F4F /* Sources */,
				0FEC88CD1C5E4E9800348F4F /* Frameworks */,
				0FEC88CE1C5E4E9800348F4F /* Resources */,
			);
			buildRules = (
			);
			dependencies = (
				0FEC88D21C5E4E9800348F4F /* PBXTargetDependency */,
			);
			name = PlotGraphUITests;
			productName = PlotGraphUITests;
			productReference = 0FEC88D01C5E4E9800348F4F /* PlotGraphUITests.xctest */;
			productType = "com.apple.product-type.bundle.ui-testing";
		};
/* End PBXNativeTarget section */

/* Begin PBXProject section */
		0FEC88A91C5E4E9800348F4F /* Project object */ = {
			isa = PBXProject;
			attributes = {
				LastSwiftUpdateCheck = 0720;
				LastUpgradeCheck = 0720;
				ORGANIZATIONNAME = "Ryuichi Inoue";
				TargetAttributes = {
					0FEC88B01C5E4E9800348F4F = {
						CreatedOnToolsVersion = 7.2;
						DevelopmentTeam = 448N9KE6X8;
					};
					0FEC88C41C5E4E9800348F4F = {
						CreatedOnToolsVersion = 7.2;
						DevelopmentTeam = 448N9KE6X8;
						TestTargetID = 0FEC88B01C5E4E9800348F4F;
					};
					0FEC88CF1C5E4E9800348F4F = {
						CreatedOnToolsVersion = 7.2;
						DevelopmentTeam = 448N9KE6X8;
						TestTargetID = 0FEC88B01C5E4E9800348F4F;
					};
				};
			};
			buildConfigurationList = 0FEC88AC1C5E4E9800348F4F /* Build configuration list for PBXProject "PlotGraph" */;
			compatibilityVersion = "Xcode 3.2";
			developmentRegion = English;
			hasScannedForEncodings = 0;
			knownRegions = (
				en,
				Base,
			);
			mainGroup = 0FEC88A81C5E4E9800348F4F;
			productRefGroup = 0FEC88B21C5E4E9800348F4F /* Products */;
			projectDirPath = "";
			projectRoot = "";
			targets = (
				0FEC88B01C5E4E9800348F4F /* PlotGraph */,
				0FEC88C41C5E4E9800348F4F /* PlotGraphTests */,
				0FEC88CF1C5E4E9800348F4F /* PlotGraphUITests */,
			);
		};
/* End PBXProject section */

/* Begin PBXResourcesBuildPhase section */
		0FEC88AF1C5E4E9800348F4F /* Resources */ = {
			isa = PBXResourcesBuildPhase;
			buildActionMask = 2147483647;
			files = (
				0FEC88BF1C5E4E9800348F4F /* LaunchScreen.storyboard in Resources */,
				0FEC88BC1C5E4E9800348F4F /* Assets.xcassets in Resources */,
				0FEC88BA1C5E4E9800348F4F /* Main.storyboard in Resources */,
			);
			runOnlyForDeploymentPostprocessing = 0;
		};
		0FEC88C31C5E4E9800348F4F /* Resources */ = {
			isa = PBXResourcesBuildPhase;
			buildActionMask = 2147483647;
			files = (
			);
			runOnlyForDeploymentPostprocessing = 0;
		};
		0FEC88CE1C5E4E9800348F4F /* Resources */ = {
			isa = PBXResourcesBuildPhase;
			buildActionMask = 2147483647;
			files = (
			);
			runOnlyForDeploymentPostprocessing = 0;
		};
/* End PBXResourcesBuildPhase section */

/* Begin PBXShellScriptBuildPhase section */
		3344758D2B25CC1F23316503 /* Embed Pods Frameworks */ = {
			isa = PBXShellScriptBuildPhase;
			buildActionMask = 2147483647;
			files = (
			);
			inputPaths = (
			);
			name = "Embed Pods Frameworks";
			outputPaths = (
			);
			runOnlyForDeploymentPostprocessing = 0;
			shellPath = /bin/sh;
			shellScript = "\"${SRCROOT}/Pods/Target Support Files/Pods-PlotGraph/Pods-PlotGraph-frameworks.sh\"\n";
			showEnvVarsInLog = 0;
		};
		761604B08A7519A651787350 /* Copy Pods Resources */ = {
			isa = PBXShellScriptBuildPhase;
			buildActionMask = 2147483647;
			files = (
			);
			inputPaths = (
			);
			name = "Copy Pods Resources";
			outputPaths = (
			);
			runOnlyForDeploymentPostprocessing = 0;
			shellPath = /bin/sh;
			shellScript = "\"${SRCROOT}/Pods/Target Support Files/Pods-PlotGraph/Pods-PlotGraph-resources.sh\"\n";
			showEnvVarsInLog = 0;
		};
		AFD8359877B55BCF7FAE46BA /* Check Pods Manifest.lock */ = {
			isa = PBXShellScriptBuildPhase;
			buildActionMask = 2147483647;
			files = (
			);
			inputPaths = (
			);
			name = "Check Pods Manifest.lock";
			outputPaths = (
			);
			runOnlyForDeploymentPostprocessing = 0;
			shellPath = /bin/sh;
			shellScript = "diff \"${PODS_ROOT}/../Podfile.lock\" \"${PODS_ROOT}/Manifest.lock\" > /dev/null\nif [[ $? != 0 ]] ; then\n    cat << EOM\nerror: The sandbox is not in sync with the Podfile.lock. Run 'pod install' or update your CocoaPods installation.\nEOM\n    exit 1\nfi\n";
			showEnvVarsInLog = 0;
		};
/* End PBXShellScriptBuildPhase section */

/* Begin PBXSourcesBuildPhase section */
		0FEC88AD1C5E4E9800348F4F /* Sources */ = {
			isa = PBXSourcesBuildPhase;
			buildActionMask = 2147483647;
			files = (
				0FEC88B71C5E4E9800348F4F /* ViewController.swift in Sources */,
				0FEC88B51C5E4E9800348F4F /* AppDelegate.swift in Sources */,
			);
			runOnlyForDeploymentPostprocessing = 0;
		};
		0FEC88C11C5E4E9800348F4F /* Sources */ = {
			isa = PBXSourcesBuildPhase;
			buildActionMask = 2147483647;
			files = (
				0FEC88CA1C5E4E9800348F4F /* PlotGraphTests.swift in Sources */,
			);
			runOnlyForDeploymentPostprocessing = 0;
		};
		0FEC88CC1C5E4E9800348F4F /* Sources */ = {
			isa = PBXSourcesBuildPhase;
			buildActionMask = 2147483647;
			files = (
				0FEC88D51C5E4E9800348F4F /* PlotGraphUITests.swift in Sources */,
			);
			runOnlyForDeploymentPostprocessing = 0;
		};
/* End PBXSourcesBuildPhase section */

/* Begin PBXTargetDependency section */
		0FEC88C71C5E4E9800348F4F /* PBXTargetDependency */ = {
			isa = PBXTargetDependency;
			target = 0FEC88B01C5E4E9800348F4F /* PlotGraph */;
			targetProxy = 0FEC88C61C5E4E9800348F4F /* PBXContainerItemProxy */;
		};
		0FEC88D21C5E4E9800348F4F /* PBXTargetDependency */ = {
			isa = PBXTargetDependency;
			target = 0FEC88B01C5E4E9800348F4F /* PlotGraph */;
			targetProxy = 0FEC88D11C5E4E9800348F4F /* PBXContainerItemProxy */;
		};
/* End PBXTargetDependency section */

/* Begin PBXVariantGroup section */
		0FEC88B81C5E4E9800348F4F /* Main.storyboard */ = {
			isa = PBXVariantGroup;
			children = (
				0FEC88B91C5E4E9800348F4F /* Base */,
			);
			name = Main.storyboard;
			sourceTree = "<group>";
		};
		0FEC88BD1C5E4E9800348F4F /* LaunchScreen.storyboard */ = {
			isa = PBXVariantGroup;
			children = (
				0FEC88BE1C5E4E9800348F4F /* Base */,
			);
			name = LaunchScreen.storyboard;
			sourceTree = "<group>";
		};
/* End PBXVariantGroup section */

/* Begin XCBuildConfiguration section */
		0FEC88D71C5E4E9800348F4F /* Debug */ = {
			isa = XCBuildConfiguration;
			buildSettings = {
				ALWAYS_SEARCH_USER_PATHS = NO;
				CLANG_CXX_LANGUAGE_STANDARD = "gnu++0x";
				CLANG_CXX_LIBRARY = "libc++";
				CLANG_ENABLE_MODULES = YES;
				CLANG_ENABLE_OBJC_ARC = YES;
				CLANG_WARN_BOOL_CONVERSION = YES;
				CLANG_WARN_CONSTANT_CONVERSION = YES;
				CLANG_WARN_DIRECT_OBJC_ISA_USAGE = YES_ERROR;
				CLANG_WARN_EMPTY_BODY = YES;
				CLANG_WARN_ENUM_CONVERSION = YES;
				CLANG_WARN_INT_CONVERSION = YES;
				CLANG_WARN_OBJC_ROOT_CLASS = YES_ERROR;
				CLANG_WARN_UNREACHABLE_CODE = YES;
				CLANG_WARN__DUPLICATE_METHOD_MATCH = YES;
				"CODE_SIGN_IDENTITY[sdk=iphoneos*]" = "iPhone Developer";
				COPY_PHASE_STRIP = NO;
				DEBUG_INFORMATION_FORMAT = dwarf;
				ENABLE_STRICT_OBJC_MSGSEND = YES;
				ENABLE_TESTABILITY = YES;
				GCC_C_LANGUAGE_STANDARD = gnu99;
				GCC_DYNAMIC_NO_PIC = NO;
				GCC_NO_COMMON_BLOCKS = YES;
				GCC_OPTIMIZATION_LEVEL = 0;
				GCC_PREPROCESSOR_DEFINITIONS = (
					"DEBUG=1",
					"$(inherited)",
				);
				GCC_WARN_64_TO_32_BIT_CONVERSION = YES;
				GCC_WARN_ABOUT_RETURN_TYPE = YES_ERROR;
				GCC_WARN_UNDECLARED_SELECTOR = YES;
				GCC_WARN_UNINITIALIZED_AUTOS = YES_AGGRESSIVE;
				GCC_WARN_UNUSED_FUNCTION = YES;
				GCC_WARN_UNUSED_VARIABLE = YES;
				IPHONEOS_DEPLOYMENT_TARGET = 9.2;
				MTL_ENABLE_DEBUG_INFO = YES;
				ONLY_ACTIVE_ARCH = YES;
				SDKROOT = iphoneos;
				SWIFT_OPTIMIZATION_LEVEL = "-Onone";
			};
			name = Debug;
		};
		0FEC88D81C5E4E9800348F4F /* Release */ = {
			isa = XCBuildConfiguration;
			buildSettings = {
				ALWAYS_SEARCH_USER_PATHS = NO;
				CLANG_CXX_LANGUAGE_STANDARD = "gnu++0x";
				CLANG_CXX_LIBRARY = "libc++";
				CLANG_ENABLE_MODULES = YES;
				CLANG_ENABLE_OBJC_ARC = YES;
				CLANG_WARN_BOOL_CONVERSION = YES;
				CLANG_WARN_CONSTANT_CONVERSION = YES;
				CLANG_WARN_DIRECT_OBJC_ISA_USAGE = YES_ERROR;
				CLANG_WARN_EMPTY_BODY = YES;
				CLANG_WARN_ENUM_CONVERSION = YES;
				CLANG_WARN_INT_CONVERSION = YES;
				CLANG_WARN_OBJC_ROOT_CLASS = YES_ERROR;
				CLANG_WARN_UNREACHABLE_CODE = YES;
				CLANG_WARN__DUPLICATE_METHOD_MATCH = YES;
				"CODE_SIGN_IDENTITY[sdk=iphoneos*]" = "iPhone Developer";
				COPY_PHASE_STRIP = NO;
				DEBUG_INFORMATION_FORMAT = "dwarf-with-dsym";
				ENABLE_NS_ASSERTIONS = NO;
				ENABLE_STRICT_OBJC_MSGSEND = YES;
				GCC_C_LANGUAGE_STANDARD = gnu99;
				GCC_NO_COMMON_BLOCKS = YES;
				GCC_WARN_64_TO_32_BIT_CONVERSION = YES;
				GCC_WARN_ABOUT_RETURN_TYPE = YES_ERROR;
				GCC_WARN_UNDECLARED_SELECTOR = YES;
				GCC_WARN_UNINITIALIZED_AUTOS = YES_AGGRESSIVE;
				GCC_WARN_UNUSED_FUNCTION = YES;
				GCC_WARN_UNUSED_VARIABLE = YES;
				IPHONEOS_DEPLOYMENT_TARGET = 9.2;
				MTL_ENABLE_DEBUG_INFO = NO;
				SDKROOT = iphoneos;
				VALIDATE_PRODUCT = YES;
			};
			name = Release;
		};
		0FEC88DA1C5E4E9800348F4F /* Debug */ = {
			isa = XCBuildConfiguration;
			baseConfigurationReference = 8F8BED7C213A59280FEEAEF7 /* Pods-PlotGraph.debug.xcconfig */;
			buildSettings = {
				ASSETCATALOG_COMPILER_APPICON_NAME = AppIcon;
				INFOPLIST_FILE = PlotGraph/Info.plist;
				LD_RUNPATH_SEARCH_PATHS = "$(inherited) @executable_path/Frameworks";
				PRODUCT_BUNDLE_IDENTIFIER = jp.co.techcamp.mentor.ios.ryuichiinoue.PlotGraph;
				PRODUCT_NAME = "$(TARGET_NAME)";
			};
			name = Debug;
		};
		0FEC88DB1C5E4E9800348F4F /* Release */ = {
			isa = XCBuildConfiguration;
			baseConfigurationReference = 967AA8F25FD4E2132BB6C3A3 /* Pods-PlotGraph.release.xcconfig */;
			buildSettings = {
				ASSETCATALOG_COMPILER_APPICON_NAME = AppIcon;
				INFOPLIST_FILE = PlotGraph/Info.plist;
				LD_RUNPATH_SEARCH_PATHS = "$(inherited) @executable_path/Frameworks";
				PRODUCT_BUNDLE_IDENTIFIER = jp.co.techcamp.mentor.ios.ryuichiinoue.PlotGraph;
				PRODUCT_NAME = "$(TARGET_NAME)";
			};
			name = Release;
		};
		0FEC88DD1C5E4E9800348F4F /* Debug */ = {
			isa = XCBuildConfiguration;
			buildSettings = {
				BUNDLE_LOADER = "$(TEST_HOST)";
				INFOPLIST_FILE = PlotGraphTests/Info.plist;
				LD_RUNPATH_SEARCH_PATHS = "$(inherited) @executable_path/Frameworks @loader_path/Frameworks";
				PRODUCT_BUNDLE_IDENTIFIER = jp.co.techcamp.mentor.ios.ryuichiinoue.PlotGraphTests;
				PRODUCT_NAME = "$(TARGET_NAME)";
				TEST_HOST = "$(BUILT_PRODUCTS_DIR)/PlotGraph.app/PlotGraph";
			};
			name = Debug;
		};
		0FEC88DE1C5E4E9800348F4F /* Release */ = {
			isa = XCBuildConfiguration;
			buildSettings = {
				BUNDLE_LOADER = "$(TEST_HOST)";
				INFOPLIST_FILE = PlotGraphTests/Info.plist;
				LD_RUNPATH_SEARCH_PATHS = "$(inherited) @executable_path/Frameworks @loader_path/Frameworks";
				PRODUCT_BUNDLE_IDENTIFIER = jp.co.techcamp.mentor.ios.ryuichiinoue.PlotGraphTests;
				PRODUCT_NAME = "$(TARGET_NAME)";
				TEST_HOST = "$(BUILT_PRODUCTS_DIR)/PlotGraph.app/PlotGraph";
			};
			name = Release;
		};
		0FEC88E01C5E4E9800348F4F /* Debug */ = {
			isa = XCBuildConfiguration;
			buildSettings = {
				INFOPLIST_FILE = PlotGraphUITests/Info.plist;
				LD_RUNPATH_SEARCH_PATHS = "$(inherited) @executable_path/Frameworks @loader_path/Frameworks";
				PRODUCT_BUNDLE_IDENTIFIER = jp.co.techcamp.mentor.ios.ryuichiinoue.PlotGraphUITests;
				PRODUCT_NAME = "$(TARGET_NAME)";
				TEST_TARGET_NAME = PlotGraph;
				USES_XCTRUNNER = YES;
			};
			name = Debug;
		};
		0FEC88E11C5E4E9800348F4F /* Release */ = {
			isa = XCBuildConfiguration;
			buildSettings = {
				INFOPLIST_FILE = PlotGraphUITests/Info.plist;
				LD_RUNPATH_SEARCH_PATHS = "$(inherited) @executable_path/Frameworks @loader_path/Frameworks";
				PRODUCT_BUNDLE_IDENTIFIER = jp.co.techcamp.mentor.ios.ryuichiinoue.PlotGraphUITests;
				PRODUCT_NAME = "$(TARGET_NAME)";
				TEST_TARGET_NAME = PlotGraph;
				USES_XCTRUNNER = YES;
			};
			name = Release;
		};
/* End XCBuildConfiguration section */

/* Begin XCConfigurationList section */
		0FEC88AC1C5E4E9800348F4F /* Build configuration list for PBXProject "PlotGraph" */ = {
			isa = XCConfigurationList;
			buildConfigurations = (
				0FEC88D71C5E4E9800348F4F /* Debug */,
				0FEC88D81C5E4E9800348F4F /* Release */,
			);
			defaultConfigurationIsVisible = 0;
			defaultConfigurationName = Release;
		};
		0FEC88D91C5E4E9800348F4F /* Build configuration list for PBXNativeTarget "PlotGraph" */ = {
			isa = XCConfigurationList;
			buildConfigurations = (
				0FEC88DA1C5E4E9800348F4F /* Debug */,
				0FEC88DB1C5E4E9800348F4F /* Release */,
			);
			defaultConfigurationIsVisible = 0;
			defaultConfigurationName = Release;
		};
		0FEC88DC1C5E4E9800348F4F /* Build configuration list for PBXNativeTarget "PlotGraphTests" */ = {
			isa = XCConfigurationList;
			buildConfigurations = (
				0FEC88DD1C5E4E9800348F4F /* Debug */,
				0FEC88DE1C5E4E9800348F4F /* Release */,
			);
			defaultConfigurationIsVisible = 0;
			defaultConfigurationName = Release;
		};
		0FEC88DF1C5E4E9800348F4F /* Build configuration list for PBXNativeTarget "PlotGraphUITests" */ = {
			isa = XCConfigurationList;
			buildConfigurations = (
				0FEC88E01C5E4E9800348F4F /* Debug */,
				0FEC88E11C5E4E9800348F4F /* Release */,
			);
			defaultConfigurationIsVisible = 0;
			defaultConfigurationName = Release;
		};
/* End XCConfigurationList section */
	};
	rootObject = 0FEC88A91C5E4E9800348F4F /* Project object */;
}
